
Microsoft Visual Studio Solution File, Format Version 12.00
# Visual Studio 2012
Project("{8BC9CEB8-8B4A-11D0-8D11-00A0C91BC942}") = "ClanLib 2D Dijkstra Test", "ClanLib 2D Dijkstra Test\ClanLib 2D Dijkstra Test.vcxproj", "{85EA8231-077F-46A3-9293-04E4CEE3B50B}"
EndProject
Global
	GlobalSection(SolutionConfigurationPlatforms) = preSolution
		Debug|Win32 = Debug|Win32
		Release|Win32 = Release|Win32
	EndGlobalSection
	GlobalSection(ProjectConfigurationPlatforms) = postSolution
		{85EA8231-077F-46A3-9293-04E4CEE3B50B}.Debug|Win32.ActiveCfg = Debug|Win32
		{85EA8231-077F-46A3-9293-04E4CEE3B50B}.Debug|Win32.Build.0 = Debug|Win32
		{85EA8231-077F-46A3-9293-04E4CEE3B50B}.Release|Win32.ActiveCfg = Release|Win32
		{85EA8231-077F-46A3-9293-04E4CEE3B50B}.Release|Win32.Build.0 = Release|Win32
	EndGlobalSection
	GlobalSection(SolutionProperties) = preSolution
		HideSolutionNode = FALSE
	EndGlobalSection
EndGlobal
